<?xml version="1.0" encoding="utf-8"?>
<Project ToolsVersion="4.0" xmlns="http://schemas.microsoft.com/developer/msbuild/2003">
  <ItemGroup>
    <FxCompile Include="..\..\GraphicsEngine\Test_PixelShader.hlsl" />
    <FxCompile Include="..\..\GraphicsEngine\Test_PixelShader_Text3D.hlsl" />
    <FxCompile Include="..\..\GraphicsEngine\Test_VertexShader.hlsl" />
    <FxCompile Include="..\..\GraphicsEngine\Test_VertexShader_Text3D.hlsl" />
  </ItemGroup>
  <ItemGroup>
    <ClCompile Include="..\..\GraphicsEngine\Camera\Camera.cpp" />
    <ClCompile Include="..\..\GraphicsEngine\Camera\Test_Camera.cpp" />
    <ClCompile Include="..\..\GraphicsEngine\DX\Direct3D.cpp" />
    <ClCompile Include="..\..\GraphicsEngine\Parsing\Mesh.cpp" />
    <ClCompile Include="..\..\GraphicsEngine\Parsing\Test_Boat.cpp" />
    <ClCompile Include="..\..\GraphicsEngine\Parsing\Test_Mesh.cpp" />
    <ClCompile Include="..\..\GraphicsEngine\Test_Graphics.cpp" />
    <ClCompile Include="..\..\GraphicsEngine\Window.cpp" />
    <ClCompile Include="..\..\IO\InputDevice.cpp" />
    <ClCompile Include="..\..\IO\Keyboard.cpp" />
    <ClCompile Include="..\..\IO\Mouse.cpp" />
    <ClCompile Include="..\..\IO\Test_Input.cpp" />
    <ClCompile Include="..\..\Logic\Timer.cpp" />
    <ClCompile Include="..\..\IO\ObserverPattern\Test_Obs.cpp" />
    <ClCompile Include="..\..\UI\UIElements\MeshObject.cpp" />
    <ClCompile Include="..\..\UI\UIElements\Panel.cpp" />
    <ClCompile Include="..\..\UI\UIElements\Panel2D.cpp" />
    <ClCompile Include="..\..\UI\UIElements\Panel3D.cpp" />
    <ClCompile Include="..\..\UI\UIElements\Test_Panel.cpp" />
    <ClCompile Include="BIS.cpp" />
    <ClCompile Include="stdafx.cpp" />
    <ClCompile Include="..\..\GraphicsEngine\Text3D.cpp" />
  </ItemGroup>
  <ItemGroup>
    <ClInclude Include="..\..\UI\UIElements\MeshObject.h" />
    <ClInclude Include="..\..\UI\UIElements\Test_Panel.h" />
    <ClInclude Include="Direct3D.h" />
    <ClInclude Include="..\..\GraphicsEngine\Camera\Camera.h" />
    <ClInclude Include="..\..\GraphicsEngine\Camera\Test_Camera.h" />
    <ClInclude Include="..\..\GraphicsEngine\DX\Direct3D.h" />
    <ClInclude Include="..\..\GraphicsEngine\Test_Graphics.h" />
    <ClInclude Include="..\..\GraphicsEngine\Window.h" />
    <ClInclude Include="..\..\IO\InputDevice.h" />
    <ClInclude Include="..\..\IO\Keyboard.h" />
    <ClInclude Include="..\..\IO\Mouse.h" />
    <ClInclude Include="..\..\IO\Test_Input.h" />
    <ClInclude Include="..\..\IO\ObserverPattern\Observable.h" />
    <ClInclude Include="..\..\IO\ObserverPattern\Observer.h" />
    <ClInclude Include="..\..\IO\ObserverPattern\Test_Obs.h" />
    <ClInclude Include="..\..\GraphicsEngine\Parsing\Mesh.h" />
    <ClInclude Include="..\..\GraphicsEngine\Parsing\Test_AssImp.h" />
    <ClInclude Include="..\..\GraphicsEngine\Parsing\Test_Boat.h" />
    <ClInclude Include="..\..\GraphicsEngine\Parsing\Test_Mesh.h" />
    <ClInclude Include="..\..\UI\UIElements\Panel.h" />
    <ClInclude Include="..\..\UI\UIElements\Panel2D.h" />
    <ClInclude Include="..\..\UI\UIElements\Panel3D.h" />
    <ClInclude Include="stdafx.h" />
    <ClInclude Include="targetver.h" />
    <ClInclude Include="..\..\GraphicsEngine\Text3D.h" />
  </ItemGroup>
  <ItemGroup>
    <None Include="packages.config" />
  </ItemGroup>
</Project>