<?xml version="1.0" encoding="utf-8"?>
<Project ToolsVersion="4.0" xmlns="http://schemas.microsoft.com/developer/msbuild/2003">
  <ItemGroup>
    <FxCompile Include="..\..\GraphicsEngine\Test_PixelShader.hlsl">
      <Filter>Test</Filter>
    </FxCompile>
    <FxCompile Include="..\..\GraphicsEngine\Test_VertexShader.hlsl">
      <Filter>Test</Filter>
    </FxCompile>
  </ItemGroup>
  <ItemGroup>
    <ClCompile Include="BIS.cpp">
      <Filter>Source Files</Filter>
    </ClCompile>
    <ClCompile Include="stdafx.cpp">
      <Filter>Source Files</Filter>
    </ClCompile>
    <ClCompile Include="..\..\Logic\Timer.cpp">
      <Filter>Source Files</Filter>
    </ClCompile>
    <ClCompile Include="..\..\GraphicsEngine\Window.cpp">
      <Filter>Source Files</Filter>
    </ClCompile>
    <ClCompile Include="..\..\GraphicsEngine\DX\Direct3D.cpp">
      <Filter>Source Files</Filter>
    </ClCompile>
    <ClCompile Include="..\..\GraphicsEngine\Test_Graphics.cpp">
      <Filter>Test</Filter>
    </ClCompile>
  </ItemGroup>
  <ItemGroup>
    <ClInclude Include="targetver.h">
      <Filter>Header Files</Filter>
    </ClInclude>
    <ClInclude Include="stdafx.h">
      <Filter>Header Files</Filter>
    </ClInclude>
    <ClInclude Include="..\..\GraphicsEngine\Window.h">
      <Filter>Header Files</Filter>
    </ClInclude>
    <ClInclude Include="..\..\GraphicsEngine\DX\Direct3D.h">
      <Filter>Header Files</Filter>
    </ClInclude>
    <ClInclude Include="..\..\UI\UIElements\Panel.h">
      <Filter>Source Files</Filter>
    </ClInclude>
    <ClInclude Include="..\..\GraphicsEngine\Test_Graphics.h">
      <Filter>Test</Filter>
    <ClInclude Include="..\..\UI\UIElements\Panel.h">
      <Filter>Source Files</Filter>
    <ClInclude Include="..\..\UI\UIElements\Panel3D.h">
      <Filter>Header Files</Filter>
    </ClInclude>
    <ClInclude Include="..\..\UI\UIElements\Panel2D.h">
      <Filter>Header Files</Filter>
    </ClInclude>
    <ClInclude Include="..\..\UI\UIElements\Panel2D.h">
      <Filter>Header Files</Filter>
    </ClInclude>
    <ClInclude Include="..\..\UI\UIElements\Panel3D.h">
      <Filter>Header Files</Filter>
    </ClInclude>
    <ClInclude Include="Direct3D.h">
      <Filter>Header Files</Filter>
    </ClInclude>
    <ClInclude Include="Test_Graphics.h">
      <Filter>Header Files</Filter>
    </ClInclude>
    <ClInclude Include="Window.h">
    <ClInclude Include="..\..\UI\UIElements\Panel2D.h">
      <Filter>Header Files</Filter>
    </ClInclude>
    <ClInclude Include="..\..\UI\UIElements\Panel.h">
      <Filter>Header Files</Filter>
    </ClInclude>
    <ClInclude Include="..\..\UI\UIElements\MeshObject.h">
      <Filter>Header Files</Filter>
    </ClInclude>
    <ClInclude Include="..\..\UI\UIElements\Test_Panel.h">
      <Filter>Header Files</Filter>
    </ClInclude>
  </ItemGroup>
  <ItemGroup>
    <Filter Include="Header Files">
      <UniqueIdentifier>{e4fdd6bb-133b-4ecc-a69f-88b3c0892322}</UniqueIdentifier>
    </Filter>
    <Filter Include="Source Files">
      <UniqueIdentifier>{8b696da5-9e97-469b-98ce-897bc5171cbf}</UniqueIdentifier>
    </Filter>
    <Filter Include="Resource Files">
      <UniqueIdentifier>{3a995091-891c-4c45-9809-eb42f01e7e48}</UniqueIdentifier>
    </Filter>
    <Filter Include="Test">
      <UniqueIdentifier>{aa4a76fe-128f-4ecc-bbfd-f78b2f002482}</UniqueIdentifier>
    </Filter>
    <ClCompile Include="stdafx.cpp">
      <Filter>Source Files</Filter>
    </ClCompile>
    <ClCompile Include="BIS.cpp">
      <Filter>Source Files</Filter>
    </ClCompile>
    <ClCompile Include="..\..\UI\UIElements\Panel.cpp">
      <Filter>Source Files</Filter>
    </ClCompile>
    <ClCompile Include="..\..\UI\UIElements\Panel3D.cpp">
      <Filter>Source Files</Filter>
    </ClCompile>
    <ClCompile Include="Direct3D.cpp">
      <Filter>Source Files</Filter>
    </ClCompile>
    <ClCompile Include="Test_Graphics.cpp">
      <Filter>Source Files</Filter>
    </ClCompile>
    <ClCompile Include="Window.cpp">
      <Filter>Source Files</Filter>
    <ClCompile Include="..\..\UI\UIElements\Panel2D.cpp">
      <Filter>Source Files</Filter>
    </ClCompile>
    <ClCompile Include="..\..\UI\UIElements\MeshObject.cpp">
      <Filter>Source Files</Filter>
    </ClCompile>
    <ClCompile Include="..\..\UI\UIElements\Test_Panel.cpp">
      <Filter>Source Files</Filter>
    </ClCompile>
  </ItemGroup>
  <ItemGroup>
    <ClCompile Include="..\..\UI\UIElements\Panel.cpp">
      <Filter>Source Files</Filter>
    </ClCompile>
    <ClCompile Include="..\..\UI\UIElements\Panel3D.cpp">
      <Filter>Source Files</Filter>
    </ClCompile>
    <ClCompile Include="..\..\UI\UIElements\Panel2D.cpp">
      <Filter>Source Files</Filter>
    </ClCompile>
    <ClCompile Include="..\..\UI\UIElements\Panel3D.cpp">
      <Filter>Source Files</Filter>
    </ClCompile>
    <ClCompile Include="..\..\UI\UIElements\Panel2D.cpp">
      <Filter>Source Files</Filter>
    </ClCompile>
    <FxCompile Include="Test_PixelShader.hlsl" />
  </ItemGroup>
  <ItemGroup>
    <FxCompile Include="Test_VertexShader.hlsl" />
  </ItemGroup>
</Project>